
Microsoft Visual Studio Solution File, Format Version 12.00
# Visual Studio 15
VisualStudioVersion = 15.0.28307.572
MinimumVisualStudioVersion = 10.0.40219.1
Project("{2150E333-8FDC-42A3-9474-1A3956D46DE8}") = "Solution Items", "Solution Items", "{8B44F910-C761-4BC2-857B-B9E11485D96E}"
	ProjectSection(SolutionItems) = preProject
		WorkOutContext.sql = WorkOutContext.sql
	EndProjectSection
EndProject
Global
	GlobalSection(SolutionProperties) = preSolution
		HideSolutionNode = FALSE
	EndGlobalSection
	GlobalSection(ExtensibilityGlobals) = postSolution
		SolutionGuid = {BD1982F6-F4D6-4C39-AF82-F93E03FB0136}
	EndGlobalSection
EndGlobal
