
Microsoft Visual Studio Solution File, Format Version 12.00
# Visual Studio 15
VisualStudioVersion = 15.0.28307.572
MinimumVisualStudioVersion = 10.0.40219.1
Project("{2150E333-8FDC-42A3-9474-1A3956D46DE8}") = "Solution Items", "Solution Items", "{8B44F910-C761-4BC2-857B-B9E11485D96E}"
	ProjectSection(SolutionItems) = preProject
		WorkOutContext.sql = WorkOutContext.sql
	EndProjectSection
EndProject
Project("{FAE04EC0-301F-11D3-BF4B-00C04F79EFBC}") = "BusinessLogic", "BusinessLogic\BusinessLogic.csproj", "{DC287D33-BC9F-483A-B1BC-4A01A34BA920}"
EndProject
Project("{FAE04EC0-301F-11D3-BF4B-00C04F79EFBC}") = "WorkOut.Tests", "WorkOut.Tests\WorkOut.Tests.csproj", "{3DC258F5-2BFD-4A6A-A717-69B0BBEA1111}"
EndProject
Project("{FAE04EC0-301F-11D3-BF4B-00C04F79EFBC}") = "WorkOutApi", "WorkOutApi\WorkOutApi.csproj", "{83EF6EA3-A88B-41B9-BA7A-F16AB0DE0AD6}"
EndProject
Global
	GlobalSection(SolutionConfigurationPlatforms) = preSolution
		Debug|Any CPU = Debug|Any CPU
		Release|Any CPU = Release|Any CPU
	EndGlobalSection
	GlobalSection(ProjectConfigurationPlatforms) = postSolution
		{DC287D33-BC9F-483A-B1BC-4A01A34BA920}.Debug|Any CPU.ActiveCfg = Debug|Any CPU
		{DC287D33-BC9F-483A-B1BC-4A01A34BA920}.Debug|Any CPU.Build.0 = Debug|Any CPU
		{DC287D33-BC9F-483A-B1BC-4A01A34BA920}.Release|Any CPU.ActiveCfg = Release|Any CPU
		{DC287D33-BC9F-483A-B1BC-4A01A34BA920}.Release|Any CPU.Build.0 = Release|Any CPU
		{3DC258F5-2BFD-4A6A-A717-69B0BBEA1111}.Debug|Any CPU.ActiveCfg = Debug|Any CPU
		{3DC258F5-2BFD-4A6A-A717-69B0BBEA1111}.Debug|Any CPU.Build.0 = Debug|Any CPU
		{3DC258F5-2BFD-4A6A-A717-69B0BBEA1111}.Release|Any CPU.ActiveCfg = Release|Any CPU
		{3DC258F5-2BFD-4A6A-A717-69B0BBEA1111}.Release|Any CPU.Build.0 = Release|Any CPU
		{83EF6EA3-A88B-41B9-BA7A-F16AB0DE0AD6}.Debug|Any CPU.ActiveCfg = Debug|Any CPU
		{83EF6EA3-A88B-41B9-BA7A-F16AB0DE0AD6}.Debug|Any CPU.Build.0 = Debug|Any CPU
		{83EF6EA3-A88B-41B9-BA7A-F16AB0DE0AD6}.Release|Any CPU.ActiveCfg = Release|Any CPU
		{83EF6EA3-A88B-41B9-BA7A-F16AB0DE0AD6}.Release|Any CPU.Build.0 = Release|Any CPU
	EndGlobalSection
	GlobalSection(SolutionProperties) = preSolution
		HideSolutionNode = FALSE
	EndGlobalSection
	GlobalSection(ExtensibilityGlobals) = postSolution
		SolutionGuid = {BD1982F6-F4D6-4C39-AF82-F93E03FB0136}
	EndGlobalSection
EndGlobal
